
Microsoft Visual Studio Solution File, Format Version 12.00
# Visual Studio 2012
Project("{FAE04EC0-301F-11D3-BF4B-00C04F79EFBC}") = "AgroSistema", "AgroSistema\AgroSistema.csproj", "{68E51C9E-F7CA-4B2E-88E5-82FE1542C114}"
EndProject
Global
	GlobalSection(SolutionConfigurationPlatforms) = preSolution
		Debug|Any CPU = Debug|Any CPU
		Release|Any CPU = Release|Any CPU
	EndGlobalSection
	GlobalSection(ProjectConfigurationPlatforms) = postSolution
		{68E51C9E-F7CA-4B2E-88E5-82FE1542C114}.Debug|Any CPU.ActiveCfg = Debug|Any CPU
		{68E51C9E-F7CA-4B2E-88E5-82FE1542C114}.Debug|Any CPU.Build.0 = Debug|Any CPU
		{68E51C9E-F7CA-4B2E-88E5-82FE1542C114}.Release|Any CPU.ActiveCfg = Release|Any CPU
		{68E51C9E-F7CA-4B2E-88E5-82FE1542C114}.Release|Any CPU.Build.0 = Release|Any CPU
	EndGlobalSection
	GlobalSection(SolutionProperties) = preSolution
		HideSolutionNode = FALSE
	EndGlobalSection
EndGlobal
